
Microsoft Visual Studio Solution File, Format Version 12.00
# Visual Studio 2012
Project("{FAE04EC0-301F-11D3-BF4B-00C04F79EFBC}") = "ServiceStackTextSampleAndroid", "ServiceStackTextSampleAndroid\ServiceStackTextSampleAndroid.csproj", "{E9060225-B72F-4CA9-B501-9215189BD2EA}"
EndProject
Global
	GlobalSection(SolutionConfigurationPlatforms) = preSolution
		Debug|Any CPU = Debug|Any CPU
		Release|Any CPU = Release|Any CPU
	EndGlobalSection
	GlobalSection(ProjectConfigurationPlatforms) = postSolution
		{E9060225-B72F-4CA9-B501-9215189BD2EA}.Debug|Any CPU.ActiveCfg = Debug|Any CPU
		{E9060225-B72F-4CA9-B501-9215189BD2EA}.Debug|Any CPU.Build.0 = Debug|Any CPU
		{E9060225-B72F-4CA9-B501-9215189BD2EA}.Release|Any CPU.ActiveCfg = Release|Any CPU
		{E9060225-B72F-4CA9-B501-9215189BD2EA}.Release|Any CPU.Build.0 = Release|Any CPU
	EndGlobalSection
	GlobalSection(MonoDevelopProperties) = preSolution
		StartupItem = ServiceStackTextSampleAndroid\ServiceStackTextSampleAndroid.csproj
	EndGlobalSection
EndGlobal
